// !$*UTF8*$!
{
	archiveVersion = 1;
	classes = {
	};
	objectVersion = 46;
	objects = {

/* Begin PBXBuildFile section */
		7A207AC41A97AA6A0038C1A9 /* AppDelegate.swift in Sources */ = {isa = PBXBuildFile; fileRef = 7A207AC31A97AA6A0038C1A9 /* AppDelegate.swift */; };
		7A207AC61A97AA6A0038C1A9 /* FirstViewController.swift in Sources */ = {isa = PBXBuildFile; fileRef = 7A207AC51A97AA6A0038C1A9 /* FirstViewController.swift */; };
		7A207AC81A97AA6A0038C1A9 /* SecondViewController.swift in Sources */ = {isa = PBXBuildFile; fileRef = 7A207AC71A97AA6A0038C1A9 /* SecondViewController.swift */; };
		7A207ACB1A97AA6A0038C1A9 /* Main.storyboard in Resources */ = {isa = PBXBuildFile; fileRef = 7A207AC91A97AA6A0038C1A9 /* Main.storyboard */; };
		7A207ACD1A97AA6B0038C1A9 /* Images.xcassets in Resources */ = {isa = PBXBuildFile; fileRef = 7A207ACC1A97AA6B0038C1A9 /* Images.xcassets */; };
		7A207AD01A97AA6B0038C1A9 /* LaunchScreen.xib in Resources */ = {isa = PBXBuildFile; fileRef = 7A207ACE1A97AA6B0038C1A9 /* LaunchScreen.xib */; };
		7A207ADC1A97AA6B0038C1A9 /* TodolistSwiftTests.swift in Sources */ = {isa = PBXBuildFile; fileRef = 7A207ADB1A97AA6B0038C1A9 /* TodolistSwiftTests.swift */; };
		7A207AE61A97AF530038C1A9 /* TaskManager.swift in Sources */ = {isa = PBXBuildFile; fileRef = 7A207AE51A97AF530038C1A9 /* TaskManager.swift */; };
/* End PBXBuildFile section */

/* Begin PBXContainerItemProxy section */
		7A207AD61A97AA6B0038C1A9 /* PBXContainerItemProxy */ = {
			isa = PBXContainerItemProxy;
			containerPortal = 7A207AB61A97AA6A0038C1A9 /* Project object */;
			proxyType = 1;
			remoteGlobalIDString = 7A207ABD1A97AA6A0038C1A9;
			remoteInfo = TodolistSwift;
		};
/* End PBXContainerItemProxy section */

/* Begin PBXFileReference section */
		7A207ABE1A97AA6A0038C1A9 /* TodolistSwift.app */ = {isa = PBXFileReference; explicitFileType = wrapper.application; includeInIndex = 0; path = TodolistSwift.app; sourceTree = BUILT_PRODUCTS_DIR; };
		7A207AC21A97AA6A0038C1A9 /* Info.plist */ = {isa = PBXFileReference; lastKnownFileType = text.plist.xml; path = Info.plist; sourceTree = "<group>"; };
		7A207AC31A97AA6A0038C1A9 /* AppDelegate.swift */ = {isa = PBXFileReference; lastKnownFileType = sourcecode.swift; path = AppDelegate.swift; sourceTree = "<group>"; };
		7A207AC51A97AA6A0038C1A9 /* FirstViewController.swift */ = {isa = PBXFileReference; lastKnownFileType = sourcecode.swift; path = FirstViewController.swift; sourceTree = "<group>"; };
		7A207AC71A97AA6A0038C1A9 /* SecondViewController.swift */ = {isa = PBXFileReference; lastKnownFileType = sourcecode.swift; path = SecondViewController.swift; sourceTree = "<group>"; };
		7A207ACA1A97AA6A0038C1A9 /* Base */ = {isa = PBXFileReference; lastKnownFileType = file.storyboard; name = Base; path = Base.lproj/Main.storyboard; sourceTree = "<group>"; };
		7A207ACC1A97AA6B0038C1A9 /* Images.xcassets */ = {isa = PBXFileReference; lastKnownFileType = folder.assetcatalog; path = Images.xcassets; sourceTree = "<group>"; };
		7A207ACF1A97AA6B0038C1A9 /* Base */ = {isa = PBXFileReference; lastKnownFileType = file.xib; name = Base; path = Base.lproj/LaunchScreen.xib; sourceTree = "<group>"; };
		7A207AD51A97AA6B0038C1A9 /* TodolistSwiftTests.xctest */ = {isa = PBXFileReference; explicitFileType = wrapper.cfbundle; includeInIndex = 0; path = TodolistSwiftTests.xctest; sourceTree = BUILT_PRODUCTS_DIR; };
		7A207ADA1A97AA6B0038C1A9 /* Info.plist */ = {isa = PBXFileReference; lastKnownFileType = text.plist.xml; path = Info.plist; sourceTree = "<group>"; };
		7A207ADB1A97AA6B0038C1A9 /* TodolistSwiftTests.swift */ = {isa = PBXFileReference; lastKnownFileType = sourcecode.swift; path = TodolistSwiftTests.swift; sourceTree = "<group>"; };
		7A207AE51A97AF530038C1A9 /* TaskManager.swift */ = {isa = PBXFileReference; fileEncoding = 4; lastKnownFileType = sourcecode.swift; path = TaskManager.swift; sourceTree = "<group>"; usesTabs = 0; };
/* End PBXFileReference section */

/* Begin PBXFrameworksBuildPhase section */
		7A207ABB1A97AA6A0038C1A9 /* Frameworks */ = {
			isa = PBXFrameworksBuildPhase;
			buildActionMask = 2147483647;
			files = (
			);
			runOnlyForDeploymentPostprocessing = 0;
		};
		7A207AD21A97AA6B0038C1A9 /* Frameworks */ = {
			isa = PBXFrameworksBuildPhase;
			buildActionMask = 2147483647;
			files = (
			);
			runOnlyForDeploymentPostprocessing = 0;
		};
/* End PBXFrameworksBuildPhase section */

/* Begin PBXGroup section */
		7A207AB51A97AA6A0038C1A9 = {
			isa = PBXGroup;
			children = (
				7A207AC01A97AA6A0038C1A9 /* TodolistSwift */,
				7A207AD81A97AA6B0038C1A9 /* TodolistSwiftTests */,
				7A207ABF1A97AA6A0038C1A9 /* Products */,
			);
			sourceTree = "<group>";
		};
		7A207ABF1A97AA6A0038C1A9 /* Products */ = {
			isa = PBXGroup;
			children = (
				7A207ABE1A97AA6A0038C1A9 /* TodolistSwift.app */,
				7A207AD51A97AA6B0038C1A9 /* TodolistSwiftTests.xctest */,
			);
			name = Products;
			sourceTree = "<group>";
		};
		7A207AC01A97AA6A0038C1A9 /* TodolistSwift */ = {
			isa = PBXGroup;
			children = (
				7A207AC31A97AA6A0038C1A9 /* AppDelegate.swift */,
				7A207AC51A97AA6A0038C1A9 /* FirstViewController.swift */,
				7A207AC71A97AA6A0038C1A9 /* SecondViewController.swift */,
				7A207AE51A97AF530038C1A9 /* TaskManager.swift */,
				7A207AC91A97AA6A0038C1A9 /* Main.storyboard */,
				7A207ACC1A97AA6B0038C1A9 /* Images.xcassets */,
				7A207ACE1A97AA6B0038C1A9 /* LaunchScreen.xib */,
				7A207AC11A97AA6A0038C1A9 /* Supporting Files */,
			);
			path = TodolistSwift;
			sourceTree = "<group>";
		};
		7A207AC11A97AA6A0038C1A9 /* Supporting Files */ = {
			isa = PBXGroup;
			children = (
				7A207AC21A97AA6A0038C1A9 /* Info.plist */,
			);
			name = "Supporting Files";
			sourceTree = "<group>";
		};
		7A207AD81A97AA6B0038C1A9 /* TodolistSwiftTests */ = {
			isa = PBXGroup;
			children = (
				7A207ADB1A97AA6B0038C1A9 /* TodolistSwiftTests.swift */,
				7A207AD91A97AA6B0038C1A9 /* Supporting Files */,
			);
			path = TodolistSwiftTests;
			sourceTree = "<group>";
		};
		7A207AD91A97AA6B0038C1A9 /* Supporting Files */ = {
			isa = PBXGroup;
			children = (
				7A207ADA1A97AA6B0038C1A9 /* Info.plist */,
			);
			name = "Supporting Files";
			sourceTree = "<group>";
		};
/* End PBXGroup section */

/* Begin PBXNativeTarget section */
		7A207ABD1A97AA6A0038C1A9 /* TodolistSwift */ = {
			isa = PBXNativeTarget;
			buildConfigurationList = 7A207ADF1A97AA6B0038C1A9 /* Build configuration list for PBXNativeTarget "TodolistSwift" */;
			buildPhases = (
				7A207ABA1A97AA6A0038C1A9 /* Sources */,
				7A207ABB1A97AA6A0038C1A9 /* Frameworks */,
				7A207ABC1A97AA6A0038C1A9 /* Resources */,
			);
			buildRules = (
			);
			dependencies = (
			);
			name = TodolistSwift;
			productName = TodolistSwift;
			productReference = 7A207ABE1A97AA6A0038C1A9 /* TodolistSwift.app */;
			productType = "com.apple.product-type.application";
		};
		7A207AD41A97AA6B0038C1A9 /* TodolistSwiftTests */ = {
			isa = PBXNativeTarget;
			buildConfigurationList = 7A207AE21A97AA6B0038C1A9 /* Build configuration list for PBXNativeTarget "TodolistSwiftTests" */;
			buildPhases = (
				7A207AD11A97AA6B0038C1A9 /* Sources */,
				7A207AD21A97AA6B0038C1A9 /* Frameworks */,
				7A207AD31A97AA6B0038C1A9 /* Resources */,
			);
			buildRules = (
			);
			dependencies = (
				7A207AD71A97AA6B0038C1A9 /* PBXTargetDependency */,
			);
			name = TodolistSwiftTests;
			productName = TodolistSwiftTests;
			productReference = 7A207AD51A97AA6B0038C1A9 /* TodolistSwiftTests.xctest */;
			productType = "com.apple.product-type.bundle.unit-test";
		};
/* End PBXNativeTarget section */

/* Begin PBXProject section */
		7A207AB61A97AA6A0038C1A9 /* Project object */ = {
			isa = PBXProject;
			attributes = {
				LastUpgradeCheck = 0610;
				ORGANIZATIONNAME = "Romain De Page";
				TargetAttributes = {
					7A207ABD1A97AA6A0038C1A9 = {
						CreatedOnToolsVersion = 6.1.1;
					};
					7A207AD41A97AA6B0038C1A9 = {
						CreatedOnToolsVersion = 6.1.1;
						TestTargetID = 7A207ABD1A97AA6A0038C1A9;
					};
				};
			};
			buildConfigurationList = 7A207AB91A97AA6A0038C1A9 /* Build configuration list for PBXProject "TodolistSwift" */;
			compatibilityVersion = "Xcode 3.2";
			developmentRegion = English;
			hasScannedForEncodings = 0;
			knownRegions = (
				en,
				Base,
			);
			mainGroup = 7A207AB51A97AA6A0038C1A9;
			productRefGroup = 7A207ABF1A97AA6A0038C1A9 /* Products */;
			projectDirPath = "";
			projectRoot = "";
			targets = (
				7A207ABD1A97AA6A0038C1A9 /* TodolistSwift */,
				7A207AD41A97AA6B0038C1A9 /* TodolistSwiftTests */,
			);
		};
/* End PBXProject section */

/* Begin PBXResourcesBuildPhase section */
		7A207ABC1A97AA6A0038C1A9 /* Resources */ = {
			isa = PBXResourcesBuildPhase;
			buildActionMask = 2147483647;
			files = (
				7A207ACB1A97AA6A0038C1A9 /* Main.storyboard in Resources */,
				7A207AD01A97AA6B0038C1A9 /* LaunchScreen.xib in Resources */,
				7A207ACD1A97AA6B0038C1A9 /* Images.xcassets in Resources */,
			);
			runOnlyForDeploymentPostprocessing = 0;
		};
		7A207AD31A97AA6B0038C1A9 /* Resources */ = {
			isa = PBXResourcesBuildPhase;
			buildActionMask = 2147483647;
			files = (
			);
			runOnlyForDeploymentPostprocessing = 0;
		};
/* End PBXResourcesBuildPhase section */

/* Begin PBXSourcesBuildPhase section */
		7A207ABA1A97AA6A0038C1A9 /* Sources */ = {
			isa = PBXSourcesBuildPhase;
			buildActionMask = 2147483647;
			files = (
				7A207AC81A97AA6A0038C1A9 /* SecondViewController.swift in Sources */,
				7A207AC41A97AA6A0038C1A9 /* AppDelegate.swift in Sources */,
				7A207AE61A97AF530038C1A9 /* TaskManager.swift in Sources */,
				7A207AC61A97AA6A0038C1A9 /* FirstViewController.swift in Sources */,
			);
			runOnlyForDeploymentPostprocessing = 0;
		};
		7A207AD11A97AA6B0038C1A9 /* Sources */ = {
			isa = PBXSourcesBuildPhase;
			buildActionMask = 2147483647;
			files = (
				7A207ADC1A97AA6B0038C1A9 /* TodolistSwiftTests.swift in Sources */,
			);
			runOnlyForDeploymentPostprocessing = 0;
		};
/* End PBXSourcesBuildPhase section */

/* Begin PBXTargetDependency section */
		7A207AD71A97AA6B0038C1A9 /* PBXTargetDependency */ = {
			isa = PBXTargetDependency;
			target = 7A207ABD1A97AA6A0038C1A9 /* TodolistSwift */;
			targetProxy = 7A207AD61A97AA6B0038C1A9 /* PBXContainerItemProxy */;
		};
/* End PBXTargetDependency section */

/* Begin PBXVariantGroup section */
		7A207AC91A97AA6A0038C1A9 /* Main.storyboard */ = {
			isa = PBXVariantGroup;
			children = (
				7A207ACA1A97AA6A0038C1A9 /* Base */,
			);
			name = Main.storyboard;
			sourceTree = "<group>";
		};
		7A207ACE1A97AA6B0038C1A9 /* LaunchScreen.xib */ = {
			isa = PBXVariantGroup;
			children = (
				7A207ACF1A97AA6B0038C1A9 /* Base */,
			);
			name = LaunchScreen.xib;
			sourceTree = "<group>";
		};
/* End PBXVariantGroup section */

/* Begin XCBuildConfiguration section */
		7A207ADD1A97AA6B0038C1A9 /* Debug */ = {
			isa = XCBuildConfiguration;
			buildSettings = {
				ALWAYS_SEARCH_USER_PATHS = NO;
				CLANG_CXX_LANGUAGE_STANDARD = "gnu++0x";
				CLANG_CXX_LIBRARY = "libc++";
				CLANG_ENABLE_MODULES = YES;
				CLANG_ENABLE_OBJC_ARC = YES;
				CLANG_WARN_BOOL_CONVERSION = YES;
				CLANG_WARN_CONSTANT_CONVERSION = YES;
				CLANG_WARN_DIRECT_OBJC_ISA_USAGE = YES_ERROR;
				CLANG_WARN_EMPTY_BODY = YES;
				CLANG_WARN_ENUM_CONVERSION = YES;
				CLANG_WARN_INT_CONVERSION = YES;
				CLANG_WARN_OBJC_ROOT_CLASS = YES_ERROR;
				CLANG_WARN_UNREACHABLE_CODE = YES;
				CLANG_WARN__DUPLICATE_METHOD_MATCH = YES;
				"CODE_SIGN_IDENTITY[sdk=iphoneos*]" = "iPhone Developer";
				COPY_PHASE_STRIP = NO;
				ENABLE_STRICT_OBJC_MSGSEND = YES;
				GCC_C_LANGUAGE_STANDARD = gnu99;
				GCC_DYNAMIC_NO_PIC = NO;
				GCC_OPTIMIZATION_LEVEL = 0;
				GCC_PREPROCESSOR_DEFINITIONS = (
					"DEBUG=1",
					"$(inherited)",
				);
				GCC_SYMBOLS_PRIVATE_EXTERN = NO;
				GCC_WARN_64_TO_32_BIT_CONVERSION = YES;
				GCC_WARN_ABOUT_RETURN_TYPE = YES_ERROR;
				GCC_WARN_UNDECLARED_SELECTOR = YES;
				GCC_WARN_UNINITIALIZED_AUTOS = YES_AGGRESSIVE;
				GCC_WARN_UNUSED_FUNCTION = YES;
				GCC_WARN_UNUSED_VARIABLE = YES;
				IPHONEOS_DEPLOYMENT_TARGET = 8.1;
				MTL_ENABLE_DEBUG_INFO = YES;
				ONLY_ACTIVE_ARCH = YES;
				SDKROOT = iphoneos;
				SWIFT_OPTIMIZATION_LEVEL = "-Onone";
			};
			name = Debug;
		};
		7A207ADE1A97AA6B0038C1A9 /* Release */ = {
			isa = XCBuildConfiguration;
			buildSettings = {
				ALWAYS_SEARCH_USER_PATHS = NO;
				CLANG_CXX_LANGUAGE_STANDARD = "gnu++0x";
				CLANG_CXX_LIBRARY = "libc++";
				CLANG_ENABLE_MODULES = YES;
				CLANG_ENABLE_OBJC_ARC = YES;
				CLANG_WARN_BOOL_CONVERSION = YES;
				CLANG_WARN_CONSTANT_CONVERSION = YES;
				CLANG_WARN_DIRECT_OBJC_ISA_USAGE = YES_ERROR;
				CLANG_WARN_EMPTY_BODY = YES;
				CLANG_WARN_ENUM_CONVERSION = YES;
				CLANG_WARN_INT_CONVERSION = YES;
				CLANG_WARN_OBJC_ROOT_CLASS = YES_ERROR;
				CLANG_WARN_UNREACHABLE_CODE = YES;
				CLANG_WARN__DUPLICATE_METHOD_MATCH = YES;
				"CODE_SIGN_IDENTITY[sdk=iphoneos*]" = "iPhone Developer";
				COPY_PHASE_STRIP = YES;
				ENABLE_NS_ASSERTIONS = NO;
				ENABLE_STRICT_OBJC_MSGSEND = YES;
				GCC_C_LANGUAGE_STANDARD = gnu99;
				GCC_WARN_64_TO_32_BIT_CONVERSION = YES;
				GCC_WARN_ABOUT_RETURN_TYPE = YES_ERROR;
				GCC_WARN_UNDECLARED_SELECTOR = YES;
				GCC_WARN_UNINITIALIZED_AUTOS = YES_AGGRESSIVE;
				GCC_WARN_UNUSED_FUNCTION = YES;
				GCC_WARN_UNUSED_VARIABLE = YES;
				IPHONEOS_DEPLOYMENT_TARGET = 8.1;
				MTL_ENABLE_DEBUG_INFO = NO;
				SDKROOT = iphoneos;
				VALIDATE_PRODUCT = YES;
			};
			name = Release;
		};
		7A207AE01A97AA6B0038C1A9 /* Debug */ = {
			isa = XCBuildConfiguration;
			buildSettings = {
				ASSETCATALOG_COMPILER_APPICON_NAME = AppIcon;
				INFOPLIST_FILE = TodolistSwift/Info.plist;
				LD_RUNPATH_SEARCH_PATHS = "$(inherited) @executable_path/Frameworks";
				PRODUCT_NAME = "$(TARGET_NAME)";
			};
			name = Debug;
		};
		7A207AE11A97AA6B0038C1A9 /* Release */ = {
			isa = XCBuildConfiguration;
			buildSettings = {
				ASSETCATALOG_COMPILER_APPICON_NAME = AppIcon;
				INFOPLIST_FILE = TodolistSwift/Info.plist;
				LD_RUNPATH_SEARCH_PATHS = "$(inherited) @executable_path/Frameworks";
				PRODUCT_NAME = "$(TARGET_NAME)";
			};
			name = Release;
		};
		7A207AE31A97AA6B0038C1A9 /* Debug */ = {
			isa = XCBuildConfiguration;
			buildSettings = {
				BUNDLE_LOADER = "$(TEST_HOST)";
				FRAMEWORK_SEARCH_PATHS = (
					"$(SDKROOT)/Developer/Library/Frameworks",
					"$(inherited)",
				);
				GCC_PREPROCESSOR_DEFINITIONS = (
					"DEBUG=1",
					"$(inherited)",
				);
				INFOPLIST_FILE = TodolistSwiftTests/Info.plist;
				LD_RUNPATH_SEARCH_PATHS = "$(inherited) @executable_path/Frameworks @loader_path/Frameworks";
				PRODUCT_NAME = "$(TARGET_NAME)";
				TEST_HOST = "$(BUILT_PRODUCTS_DIR)/TodolistSwift.app/TodolistSwift";
			};
			name = Debug;
		};
		7A207AE41A97AA6B0038C1A9 /* Release */ = {
			isa = XCBuildConfiguration;
			buildSettings = {
				BUNDLE_LOADER = "$(TEST_HOST)";
				FRAMEWORK_SEARCH_PATHS = (
					"$(SDKROOT)/Developer/Library/Frameworks",
					"$(inherited)",
				);
				INFOPLIST_FILE = TodolistSwiftTests/Info.plist;
				LD_RUNPATH_SEARCH_PATHS = "$(inherited) @executable_path/Frameworks @loader_path/Frameworks";
				PRODUCT_NAME = "$(TARGET_NAME)";
				TEST_HOST = "$(BUILT_PRODUCTS_DIR)/TodolistSwift.app/TodolistSwift";
			};
			name = Release;
		};
/* End XCBuildConfiguration section */

/* Begin XCConfigurationList section */
		7A207AB91A97AA6A0038C1A9 /* Build configuration list for PBXProject "TodolistSwift" */ = {
			isa = XCConfigurationList;
			buildConfigurations = (
				7A207ADD1A97AA6B0038C1A9 /* Debug */,
				7A207ADE1A97AA6B0038C1A9 /* Release */,
			);
			defaultConfigurationIsVisible = 0;
			defaultConfigurationName = Release;
		};
		7A207ADF1A97AA6B0038C1A9 /* Build configuration list for PBXNativeTarget "TodolistSwift" */ = {
			isa = XCConfigurationList;
			buildConfigurations = (
				7A207AE01A97AA6B0038C1A9 /* Debug */,
				7A207AE11A97AA6B0038C1A9 /* Release */,
			);
			defaultConfigurationIsVisible = 0;
		};
		7A207AE21A97AA6B0038C1A9 /* Build configuration list for PBXNativeTarget "TodolistSwiftTests" */ = {
			isa = XCConfigurationList;
			buildConfigurations = (
				7A207AE31A97AA6B0038C1A9 /* Debug */,
				7A207AE41A97AA6B0038C1A9 /* Release */,
			);
			defaultConfigurationIsVisible = 0;
		};
/* End XCConfigurationList section */
	};
	rootObject = 7A207AB61A97AA6A0038C1A9 /* Project object */;
}
